{
  "object": {
    "pins": [
      {
        "package": "APIRequest",
        "repositoryURL": "https://github.com/GroupeMINASTE/APIRequest.swift",
        "state": {
          "branch": null,
          "revision": "7cf9ec73e14151f62536475b7682b468411b9017",
          "version": "1.3.3"
        }
      }
    ]
  },
  "version": 1
}
