{
  "object": {
    "pins": [
      {
        "package": "APIRequest",
        "repositoryURL": "https://github.com/GroupeMINASTE/APIRequest.swift",
        "state": {
          "branch": null,
          "revision": "b6f30028028b63f4927f9419b7ebd985d617c9f6",
          "version": "1.3.2"
        }
      }
    ]
  },
  "version": 1
}
